
Microsoft Visual Studio Solution File, Format Version 12.00
# Visual Studio Version 16
VisualStudioVersion = 16.0.29820.132
MinimumVisualStudioVersion = 10.0.40219.1
Project("{E24C65DC-7377-472B-9ABA-BC803B73C61A}") = "WhatsGoo.Web.PanelsHtml", "E:\Repo\WhatsGoo\WhatsGoo.Web.PanelsHtml\", "{0B37B1A0-2DDE-4433-AE6C-7D89812F63B6}"
	ProjectSection(WebsiteProperties) = preProject
		TargetFrameworkMoniker = ".NETFramework,Version%3Dv4.0"
		Debug.AspNetCompiler.VirtualPath = "/localhost_56172"
		Debug.AspNetCompiler.PhysicalPath = "E:\Repo\WhatsGoo\WhatsGoo.Web.PanelsHtml\"
		Debug.AspNetCompiler.TargetPath = "PrecompiledWeb\localhost_56172\"
		Debug.AspNetCompiler.Updateable = "true"
		Debug.AspNetCompiler.ForceOverwrite = "true"
		Debug.AspNetCompiler.FixedNames = "false"
		Debug.AspNetCompiler.Debug = "True"
		Release.AspNetCompiler.VirtualPath = "/localhost_56172"
		Release.AspNetCompiler.PhysicalPath = "E:\Repo\WhatsGoo\WhatsGoo.Web.PanelsHtml\"
		Release.AspNetCompiler.TargetPath = "PrecompiledWeb\localhost_56172\"
		Release.AspNetCompiler.Updateable = "true"
		Release.AspNetCompiler.ForceOverwrite = "true"
		Release.AspNetCompiler.FixedNames = "false"
		Release.AspNetCompiler.Debug = "False"
		VWDPort = "56172"
	EndProjectSection
EndProject
Global
	GlobalSection(SolutionConfigurationPlatforms) = preSolution
		Debug|Any CPU = Debug|Any CPU
	EndGlobalSection
	GlobalSection(ProjectConfigurationPlatforms) = postSolution
		{0B37B1A0-2DDE-4433-AE6C-7D89812F63B6}.Debug|Any CPU.ActiveCfg = Debug|Any CPU
		{0B37B1A0-2DDE-4433-AE6C-7D89812F63B6}.Debug|Any CPU.Build.0 = Debug|Any CPU
	EndGlobalSection
	GlobalSection(SolutionProperties) = preSolution
		HideSolutionNode = FALSE
	EndGlobalSection
	GlobalSection(ExtensibilityGlobals) = postSolution
		SolutionGuid = {3EFE10BA-0990-4A12-8759-DBE03CC1E434}
	EndGlobalSection
EndGlobal
